
Microsoft Visual Studio Solution File, Format Version 12.00
# Visual Studio 15
Project("{FAE04EC0-301F-11D3-BF4B-00C04F79EFBC}") = "Assembly-CSharp", "Assembly-CSharp.csproj", "{15EDC973-A7FB-C938-5B47-8475485240DE}"
EndProject
Project("{FAE04EC0-301F-11D3-BF4B-00C04F79EFBC}") = "Assembly-CSharp-Editor", "Assembly-CSharp-Editor.csproj", "{8D64E9ED-1330-53ED-439A-A71889D8AB60}"
EndProject
Global
	GlobalSection(SolutionConfigurationPlatforms) = preSolution
		Debug|Any CPU = Debug|Any CPU
		Release|Any CPU = Release|Any CPU
	EndGlobalSection
	GlobalSection(ProjectConfigurationPlatforms) = postSolution
		{15EDC973-A7FB-C938-5B47-8475485240DE}.Debug|Any CPU.ActiveCfg = Debug|Any CPU
		{15EDC973-A7FB-C938-5B47-8475485240DE}.Debug|Any CPU.Build.0 = Debug|Any CPU
		{15EDC973-A7FB-C938-5B47-8475485240DE}.Release|Any CPU.ActiveCfg = Release|Any CPU
		{15EDC973-A7FB-C938-5B47-8475485240DE}.Release|Any CPU.Build.0 = Release|Any CPU
		{8D64E9ED-1330-53ED-439A-A71889D8AB60}.Debug|Any CPU.ActiveCfg = Debug|Any CPU
		{8D64E9ED-1330-53ED-439A-A71889D8AB60}.Debug|Any CPU.Build.0 = Debug|Any CPU
		{8D64E9ED-1330-53ED-439A-A71889D8AB60}.Release|Any CPU.ActiveCfg = Release|Any CPU
		{8D64E9ED-1330-53ED-439A-A71889D8AB60}.Release|Any CPU.Build.0 = Release|Any CPU
	EndGlobalSection
	GlobalSection(SolutionProperties) = preSolution
		HideSolutionNode = FALSE
	EndGlobalSection
EndGlobal
